
Microsoft Visual Studio Solution File, Format Version 12.00
# Visual Studio Version 17
VisualStudioVersion = 17.6.33815.320
MinimumVisualStudioVersion = 10.0.40219.1
Project("{FAE04EC0-301F-11D3-BF4B-00C04F79EFBC}") = "Acc.DataLayer", "Acc.DataLayer\Acc.DataLayer.csproj", "{A1E9A2E4-ED68-4A5C-8E56-505F1C8DD2A2}"
EndProject
Project("{FAE04EC0-301F-11D3-BF4B-00C04F79EFBC}") = "TestRepository", "TestRepository\TestRepository.csproj", "{4B645AD9-715A-45EF-848B-13BD0A1F7C5C}"
EndProject
Global
	GlobalSection(SolutionConfigurationPlatforms) = preSolution
		Debug|Any CPU = Debug|Any CPU
		Release|Any CPU = Release|Any CPU
	EndGlobalSection
	GlobalSection(ProjectConfigurationPlatforms) = postSolution
		{A1E9A2E4-ED68-4A5C-8E56-505F1C8DD2A2}.Debug|Any CPU.ActiveCfg = Debug|Any CPU
		{A1E9A2E4-ED68-4A5C-8E56-505F1C8DD2A2}.Debug|Any CPU.Build.0 = Debug|Any CPU
		{A1E9A2E4-ED68-4A5C-8E56-505F1C8DD2A2}.Release|Any CPU.ActiveCfg = Release|Any CPU
		{A1E9A2E4-ED68-4A5C-8E56-505F1C8DD2A2}.Release|Any CPU.Build.0 = Release|Any CPU
		{4B645AD9-715A-45EF-848B-13BD0A1F7C5C}.Debug|Any CPU.ActiveCfg = Debug|Any CPU
		{4B645AD9-715A-45EF-848B-13BD0A1F7C5C}.Debug|Any CPU.Build.0 = Debug|Any CPU
		{4B645AD9-715A-45EF-848B-13BD0A1F7C5C}.Release|Any CPU.ActiveCfg = Release|Any CPU
		{4B645AD9-715A-45EF-848B-13BD0A1F7C5C}.Release|Any CPU.Build.0 = Release|Any CPU
	EndGlobalSection
	GlobalSection(SolutionProperties) = preSolution
		HideSolutionNode = FALSE
	EndGlobalSection
	GlobalSection(ExtensibilityGlobals) = postSolution
		SolutionGuid = {7FE5DEC6-37AF-42AF-8AC5-C075E75A84B7}
	EndGlobalSection
EndGlobal
